
Microsoft Visual Studio Solution File, Format Version 12.00
# Visual Studio 14
VisualStudioVersion = 14.0.25420.1
MinimumVisualStudioVersion = 10.0.40219.1
Project("{FAE04EC0-301F-11D3-BF4B-00C04F79EFBC}") = "VentsCorpPortal", "VentsCorpPortal\VentsCorpPortal.csproj", "{DE8A9B3A-A266-41AF-8B4D-BE1C46559FAA}"
EndProject
Project("{FAE04EC0-301F-11D3-BF4B-00C04F79EFBC}") = "VentsCorpPortal.Tests", "VentsCorpPortal.Tests\VentsCorpPortal.Tests.csproj", "{BAD4E8DF-E068-4B69-9AEA-3657FC551A11}"
EndProject
Global
	GlobalSection(SolutionConfigurationPlatforms) = preSolution
		Debug|Any CPU = Debug|Any CPU
		Release|Any CPU = Release|Any CPU
	EndGlobalSection
	GlobalSection(ProjectConfigurationPlatforms) = postSolution
		{DE8A9B3A-A266-41AF-8B4D-BE1C46559FAA}.Debug|Any CPU.ActiveCfg = Debug|Any CPU
		{DE8A9B3A-A266-41AF-8B4D-BE1C46559FAA}.Debug|Any CPU.Build.0 = Debug|Any CPU
		{DE8A9B3A-A266-41AF-8B4D-BE1C46559FAA}.Release|Any CPU.ActiveCfg = Release|Any CPU
		{DE8A9B3A-A266-41AF-8B4D-BE1C46559FAA}.Release|Any CPU.Build.0 = Release|Any CPU
		{BAD4E8DF-E068-4B69-9AEA-3657FC551A11}.Debug|Any CPU.ActiveCfg = Debug|Any CPU
		{BAD4E8DF-E068-4B69-9AEA-3657FC551A11}.Debug|Any CPU.Build.0 = Debug|Any CPU
		{BAD4E8DF-E068-4B69-9AEA-3657FC551A11}.Release|Any CPU.ActiveCfg = Release|Any CPU
		{BAD4E8DF-E068-4B69-9AEA-3657FC551A11}.Release|Any CPU.Build.0 = Release|Any CPU
	EndGlobalSection
	GlobalSection(SolutionProperties) = preSolution
		HideSolutionNode = FALSE
	EndGlobalSection
EndGlobal
